Microsoft Visual Studio Solution File, Format Version 12.00
# Visual Studio Version 17
VisualStudioVersion = 17.5.2.0
MinimumVisualStudioVersion = 10.0.40219.1
Project("{FAE04EC0-301F-11D3-BF4B-00C04F79EFBC}") = "OnDisplayOff", "OnDisplayOff.csproj", "{819F158E-1A84-E2EE-461E-0851E1779430}"
EndProject
Global
	GlobalSection(SolutionConfigurationPlatforms) = preSolution
		Debug|Any CPU = Debug|Any CPU
		Release|Any CPU = Release|Any CPU
	EndGlobalSection
	GlobalSection(ProjectConfigurationPlatforms) = postSolution
		{819F158E-1A84-E2EE-461E-0851E1779430}.Debug|Any CPU.ActiveCfg = Debug|Any CPU
		{819F158E-1A84-E2EE-461E-0851E1779430}.Debug|Any CPU.Build.0 = Debug|Any CPU
		{819F158E-1A84-E2EE-461E-0851E1779430}.Release|Any CPU.ActiveCfg = Release|Any CPU
		{819F158E-1A84-E2EE-461E-0851E1779430}.Release|Any CPU.Build.0 = Release|Any CPU
	EndGlobalSection
	GlobalSection(SolutionProperties) = preSolution
		HideSolutionNode = FALSE
	EndGlobalSection
	GlobalSection(ExtensibilityGlobals) = postSolution
		SolutionGuid = {6384E419-CB47-40D1-9E67-C8E671917761}
	EndGlobalSection
EndGlobal
